
Microsoft Visual Studio Solution File, Format Version 12.00
# Visual Studio Version 17
VisualStudioVersion = 17.11.35222.181
MinimumVisualStudioVersion = 10.0.40219.1
Project("{9A19103F-16F7-4668-BE54-9A1E7A4F7556}") = "WebApplication1", "WebApplication1.csproj", "{25C05604-3E85-4AFE-9D72-39D371157102}"
EndProject
Global
	GlobalSection(SolutionConfigurationPlatforms) = preSolution
		Debug|Any CPU = Debug|Any CPU
		Release|Any CPU = Release|Any CPU
	EndGlobalSection
	GlobalSection(ProjectConfigurationPlatforms) = postSolution
		{25C05604-3E85-4AFE-9D72-39D371157102}.Debug|Any CPU.ActiveCfg = Debug|Any CPU
		{25C05604-3E85-4AFE-9D72-39D371157102}.Debug|Any CPU.Build.0 = Debug|Any CPU
		{25C05604-3E85-4AFE-9D72-39D371157102}.Release|Any CPU.ActiveCfg = Release|Any CPU
		{25C05604-3E85-4AFE-9D72-39D371157102}.Release|Any CPU.Build.0 = Release|Any CPU
	EndGlobalSection
	GlobalSection(SolutionProperties) = preSolution
		HideSolutionNode = FALSE
	EndGlobalSection
	GlobalSection(ExtensibilityGlobals) = postSolution
		SolutionGuid = {278103B3-F23A-4CB8-836B-68DD37D6C446}
	EndGlobalSection
EndGlobal
